
Microsoft Visual Studio Solution File, Format Version 12.00
# Visual Studio Version 17
VisualStudioVersion = 17.11.35222.181
MinimumVisualStudioVersion = 10.0.40219.1
Project("{FAE04EC0-301F-11D3-BF4B-00C04F79EFBC}") = "C2-prueba", "C2-prueba\C2-prueba.csproj", "{49C7F190-2BDB-4D51-ACAE-66A83EE9C77B}"
EndProject
Global
	GlobalSection(SolutionConfigurationPlatforms) = preSolution
		Debug|Any CPU = Debug|Any CPU
		Release|Any CPU = Release|Any CPU
	EndGlobalSection
	GlobalSection(ProjectConfigurationPlatforms) = postSolution
		{49C7F190-2BDB-4D51-ACAE-66A83EE9C77B}.Debug|Any CPU.ActiveCfg = Debug|Any CPU
		{49C7F190-2BDB-4D51-ACAE-66A83EE9C77B}.Debug|Any CPU.Build.0 = Debug|Any CPU
		{49C7F190-2BDB-4D51-ACAE-66A83EE9C77B}.Release|Any CPU.ActiveCfg = Release|Any CPU
		{49C7F190-2BDB-4D51-ACAE-66A83EE9C77B}.Release|Any CPU.Build.0 = Release|Any CPU
	EndGlobalSection
	GlobalSection(SolutionProperties) = preSolution
		HideSolutionNode = FALSE
	EndGlobalSection
	GlobalSection(ExtensibilityGlobals) = postSolution
		SolutionGuid = {05C45A37-83CB-44F5-827C-08C45EAC5DAE}
	EndGlobalSection
EndGlobal
